// !$*UTF8*$!
{
	archiveVersion = 1;
	classes = {
	};
	objectVersion = 46;
	objects = {

/* Begin PBXBuildFile section */
		5A03B45A1E95578200EF44B3 /* AppDelegate.swift in Sources */ = {isa = PBXBuildFile; fileRef = 5A03B4591E95578200EF44B3 /* AppDelegate.swift */; };
		5A03B45C1E95578200EF44B3 /* ViewController.swift in Sources */ = {isa = PBXBuildFile; fileRef = 5A03B45B1E95578200EF44B3 /* ViewController.swift */; };
		5A03B45F1E95578200EF44B3 /* Main.storyboard in Resources */ = {isa = PBXBuildFile; fileRef = 5A03B45D1E95578200EF44B3 /* Main.storyboard */; };
		5A03B4611E95578200EF44B3 /* Assets.xcassets in Resources */ = {isa = PBXBuildFile; fileRef = 5A03B4601E95578200EF44B3 /* Assets.xcassets */; };
		5A03B4641E95578200EF44B3 /* LaunchScreen.storyboard in Resources */ = {isa = PBXBuildFile; fileRef = 5A03B4621E95578200EF44B3 /* LaunchScreen.storyboard */; };
		5A03B46C1E9557BE00EF44B3 /* ApiParams.swift in Sources */ = {isa = PBXBuildFile; fileRef = 5A03B46B1E9557BE00EF44B3 /* ApiParams.swift */; };
		5A03B46E1E9557CD00EF44B3 /* ApiInterface.swift in Sources */ = {isa = PBXBuildFile; fileRef = 5A03B46D1E9557CD00EF44B3 /* ApiInterface.swift */; };
		5A03B4741E957B3300EF44B3 /* TableViewCell.swift in Sources */ = {isa = PBXBuildFile; fileRef = 5A03B4731E957B3300EF44B3 /* TableViewCell.swift */; };
/* End PBXBuildFile section */

/* Begin PBXFileReference section */
		5A03B4561E95578200EF44B3 /* Acronym_DanSelig.app */ = {isa = PBXFileReference; explicitFileType = wrapper.application; includeInIndex = 0; path = Acronym_DanSelig.app; sourceTree = BUILT_PRODUCTS_DIR; };
		5A03B4591E95578200EF44B3 /* AppDelegate.swift */ = {isa = PBXFileReference; lastKnownFileType = sourcecode.swift; path = AppDelegate.swift; sourceTree = "<group>"; };
		5A03B45B1E95578200EF44B3 /* ViewController.swift */ = {isa = PBXFileReference; lastKnownFileType = sourcecode.swift; path = ViewController.swift; sourceTree = "<group>"; };
		5A03B45E1E95578200EF44B3 /* Base */ = {isa = PBXFileReference; lastKnownFileType = file.storyboard; name = Base; path = Base.lproj/Main.storyboard; sourceTree = "<group>"; };
		5A03B4601E95578200EF44B3 /* Assets.xcassets */ = {isa = PBXFileReference; lastKnownFileType = folder.assetcatalog; path = Assets.xcassets; sourceTree = "<group>"; };
		5A03B4631E95578200EF44B3 /* Base */ = {isa = PBXFileReference; lastKnownFileType = file.storyboard; name = Base; path = Base.lproj/LaunchScreen.storyboard; sourceTree = "<group>"; };
		5A03B4651E95578200EF44B3 /* Info.plist */ = {isa = PBXFileReference; lastKnownFileType = text.plist.xml; path = Info.plist; sourceTree = "<group>"; };
		5A03B46B1E9557BE00EF44B3 /* ApiParams.swift */ = {isa = PBXFileReference; fileEncoding = 4; lastKnownFileType = sourcecode.swift; path = ApiParams.swift; sourceTree = "<group>"; };
		5A03B46D1E9557CD00EF44B3 /* ApiInterface.swift */ = {isa = PBXFileReference; fileEncoding = 4; lastKnownFileType = sourcecode.swift; path = ApiInterface.swift; sourceTree = "<group>"; };
		5A03B4731E957B3300EF44B3 /* TableViewCell.swift */ = {isa = PBXFileReference; fileEncoding = 4; lastKnownFileType = sourcecode.swift; path = TableViewCell.swift; sourceTree = "<group>"; };
/* End PBXFileReference section */

/* Begin PBXFrameworksBuildPhase section */
		5A03B4531E95578200EF44B3 /* Frameworks */ = {
			isa = PBXFrameworksBuildPhase;
			buildActionMask = 2147483647;
			files = (
			);
			runOnlyForDeploymentPostprocessing = 0;
		};
/* End PBXFrameworksBuildPhase section */

/* Begin PBXGroup section */
		5A03B44D1E95578200EF44B3 = {
			isa = PBXGroup;
			children = (
				5A03B4581E95578200EF44B3 /* Acronym_DanSelig */,
				5A03B4571E95578200EF44B3 /* Products */,
			);
			sourceTree = "<group>";
		};
		5A03B4571E95578200EF44B3 /* Products */ = {
			isa = PBXGroup;
			children = (
				5A03B4561E95578200EF44B3 /* Acronym_DanSelig.app */,
			);
			name = Products;
			sourceTree = "<group>";
		};
		5A03B4581E95578200EF44B3 /* Acronym_DanSelig */ = {
			isa = PBXGroup;
			children = (
				5A03B4591E95578200EF44B3 /* AppDelegate.swift */,
				5A03B45B1E95578200EF44B3 /* ViewController.swift */,
				5A03B46B1E9557BE00EF44B3 /* ApiParams.swift */,
				5A03B46D1E9557CD00EF44B3 /* ApiInterface.swift */,
				5A03B4731E957B3300EF44B3 /* TableViewCell.swift */,
				5A03B45D1E95578200EF44B3 /* Main.storyboard */,
				5A03B4601E95578200EF44B3 /* Assets.xcassets */,
				5A03B4621E95578200EF44B3 /* LaunchScreen.storyboard */,
				5A03B4651E95578200EF44B3 /* Info.plist */,
			);
			path = Acronym_DanSelig;
			sourceTree = "<group>";
		};
/* End PBXGroup section */

/* Begin PBXNativeTarget section */
		5A03B4551E95578200EF44B3 /* Acronym_DanSelig */ = {
			isa = PBXNativeTarget;
			buildConfigurationList = 5A03B4681E95578200EF44B3 /* Build configuration list for PBXNativeTarget "Acronym_DanSelig" */;
			buildPhases = (
				5A03B4521E95578200EF44B3 /* Sources */,
				5A03B4531E95578200EF44B3 /* Frameworks */,
				5A03B4541E95578200EF44B3 /* Resources */,
			);
			buildRules = (
			);
			dependencies = (
			);
			name = Acronym_DanSelig;
			productName = Acronym_DanSelig;
			productReference = 5A03B4561E95578200EF44B3 /* Acronym_DanSelig.app */;
			productType = "com.apple.product-type.application";
		};
/* End PBXNativeTarget section */

/* Begin PBXProject section */
		5A03B44E1E95578200EF44B3 /* Project object */ = {
			isa = PBXProject;
			attributes = {
				LastSwiftUpdateCheck = 0830;
				LastUpgradeCheck = 0830;
				ORGANIZATIONNAME = "Dan Selig";
				TargetAttributes = {
					5A03B4551E95578200EF44B3 = {
						CreatedOnToolsVersion = 8.3;
						DevelopmentTeam = 34XFF24U9M;
						ProvisioningStyle = Automatic;
					};
				};
			};
			buildConfigurationList = 5A03B4511E95578200EF44B3 /* Build configuration list for PBXProject "Acronym_DanSelig" */;
			compatibilityVersion = "Xcode 3.2";
			developmentRegion = English;
			hasScannedForEncodings = 0;
			knownRegions = (
				en,
				Base,
			);
			mainGroup = 5A03B44D1E95578200EF44B3;
			productRefGroup = 5A03B4571E95578200EF44B3 /* Products */;
			projectDirPath = "";
			projectRoot = "";
			targets = (
				5A03B4551E95578200EF44B3 /* Acronym_DanSelig */,
			);
		};
/* End PBXProject section */

/* Begin PBXResourcesBuildPhase section */
		5A03B4541E95578200EF44B3 /* Resources */ = {
			isa = PBXResourcesBuildPhase;
			buildActionMask = 2147483647;
			files = (
				5A03B4641E95578200EF44B3 /* LaunchScreen.storyboard in Resources */,
				5A03B4611E95578200EF44B3 /* Assets.xcassets in Resources */,
				5A03B45F1E95578200EF44B3 /* Main.storyboard in Resources */,
			);
			runOnlyForDeploymentPostprocessing = 0;
		};
/* End PBXResourcesBuildPhase section */

/* Begin PBXSourcesBuildPhase section */
		5A03B4521E95578200EF44B3 /* Sources */ = {
			isa = PBXSourcesBuildPhase;
			buildActionMask = 2147483647;
			files = (
				5A03B4741E957B3300EF44B3 /* TableViewCell.swift in Sources */,
				5A03B46E1E9557CD00EF44B3 /* ApiInterface.swift in Sources */,
				5A03B45C1E95578200EF44B3 /* ViewController.swift in Sources */,
				5A03B45A1E95578200EF44B3 /* AppDelegate.swift in Sources */,
				5A03B46C1E9557BE00EF44B3 /* ApiParams.swift in Sources */,
			);
			runOnlyForDeploymentPostprocessing = 0;
		};
/* End PBXSourcesBuildPhase section */

/* Begin PBXVariantGroup section */
		5A03B45D1E95578200EF44B3 /* Main.storyboard */ = {
			isa = PBXVariantGroup;
			children = (
				5A03B45E1E95578200EF44B3 /* Base */,
			);
			name = Main.storyboard;
			sourceTree = "<group>";
		};
		5A03B4621E95578200EF44B3 /* LaunchScreen.storyboard */ = {
			isa = PBXVariantGroup;
			children = (
				5A03B4631E95578200EF44B3 /* Base */,
			);
			name = LaunchScreen.storyboard;
			sourceTree = "<group>";
		};
/* End PBXVariantGroup section */

/* Begin XCBuildConfiguration section */
		5A03B4661E95578200EF44B3 /* Debug */ = {
			isa = XCBuildConfiguration;
			buildSettings = {
				ALWAYS_SEARCH_USER_PATHS = NO;
				CLANG_ANALYZER_NONNULL = YES;
				CLANG_ANALYZER_NUMBER_OBJECT_CONVERSION = YES_AGGRESSIVE;
				CLANG_CXX_LANGUAGE_STANDARD = "gnu++0x";
				CLANG_CXX_LIBRARY = "libc++";
				CLANG_ENABLE_MODULES = YES;
				CLANG_ENABLE_OBJC_ARC = YES;
				CLANG_WARN_BOOL_CONVERSION = YES;
				CLANG_WARN_CONSTANT_CONVERSION = YES;
				CLANG_WARN_DIRECT_OBJC_ISA_USAGE = YES_ERROR;
				CLANG_WARN_DOCUMENTATION_COMMENTS = YES;
				CLANG_WARN_EMPTY_BODY = YES;
				CLANG_WARN_ENUM_CONVERSION = YES;
				CLANG_WARN_INFINITE_RECURSION = YES;
				CLANG_WARN_INT_CONVERSION = YES;
				CLANG_WARN_OBJC_ROOT_CLASS = YES_ERROR;
				CLANG_WARN_SUSPICIOUS_MOVE = YES;
				CLANG_WARN_UNREACHABLE_CODE = YES;
				CLANG_WARN__DUPLICATE_METHOD_MATCH = YES;
				"CODE_SIGN_IDENTITY[sdk=iphoneos*]" = "iPhone Developer";
				COPY_PHASE_STRIP = NO;
				DEBUG_INFORMATION_FORMAT = dwarf;
				ENABLE_STRICT_OBJC_MSGSEND = YES;
				ENABLE_TESTABILITY = YES;
				GCC_C_LANGUAGE_STANDARD = gnu99;
				GCC_DYNAMIC_NO_PIC = NO;
				GCC_NO_COMMON_BLOCKS = YES;
				GCC_OPTIMIZATION_LEVEL = 0;
				GCC_PREPROCESSOR_DEFINITIONS = (
					"DEBUG=1",
					"$(inherited)",
				);
				GCC_WARN_64_TO_32_BIT_CONVERSION = YES;
				GCC_WARN_ABOUT_RETURN_TYPE = YES_ERROR;
				GCC_WARN_UNDECLARED_SELECTOR = YES;
				GCC_WARN_UNINITIALIZED_AUTOS = YES_AGGRESSIVE;
				GCC_WARN_UNUSED_FUNCTION = YES;
				GCC_WARN_UNUSED_VARIABLE = YES;
				IPHONEOS_DEPLOYMENT_TARGET = 10.3;
				MTL_ENABLE_DEBUG_INFO = YES;
				ONLY_ACTIVE_ARCH = YES;
				SDKROOT = iphoneos;
				SWIFT_ACTIVE_COMPILATION_CONDITIONS = DEBUG;
				SWIFT_OPTIMIZATION_LEVEL = "-Onone";
				TARGETED_DEVICE_FAMILY = "1,2";
			};
			name = Debug;
		};
		5A03B4671E95578200EF44B3 /* Release */ = {
			isa = XCBuildConfiguration;
			buildSettings = {
				ALWAYS_SEARCH_USER_PATHS = NO;
				CLANG_ANALYZER_NONNULL = YES;
				CLANG_ANALYZER_NUMBER_OBJECT_CONVERSION = YES_AGGRESSIVE;
				CLANG_CXX_LANGUAGE_STANDARD = "gnu++0x";
				CLANG_CXX_LIBRARY = "libc++";
				CLANG_ENABLE_MODULES = YES;
				CLANG_ENABLE_OBJC_ARC = YES;
				CLANG_WARN_BOOL_CONVERSION = YES;
				CLANG_WARN_CONSTANT_CONVERSION = YES;
				CLANG_WARN_DIRECT_OBJC_ISA_USAGE = YES_ERROR;
				CLANG_WARN_DOCUMENTATION_COMMENTS = YES;
				CLANG_WARN_EMPTY_BODY = YES;
				CLANG_WARN_ENUM_CONVERSION = YES;
				CLANG_WARN_INFINITE_RECURSION = YES;
				CLANG_WARN_INT_CONVERSION = YES;
				CLANG_WARN_OBJC_ROOT_CLASS = YES_ERROR;
				CLANG_WARN_SUSPICIOUS_MOVE = YES;
				CLANG_WARN_UNREACHABLE_CODE = YES;
				CLANG_WARN__DUPLICATE_METHOD_MATCH = YES;
				"CODE_SIGN_IDENTITY[sdk=iphoneos*]" = "iPhone Developer";
				COPY_PHASE_STRIP = NO;
				DEBUG_INFORMATION_FORMAT = "dwarf-with-dsym";
				ENABLE_NS_ASSERTIONS = NO;
				ENABLE_STRICT_OBJC_MSGSEND = YES;
				GCC_C_LANGUAGE_STANDARD = gnu99;
				GCC_NO_COMMON_BLOCKS = YES;
				GCC_WARN_64_TO_32_BIT_CONVERSION = YES;
				GCC_WARN_ABOUT_RETURN_TYPE = YES_ERROR;
				GCC_WARN_UNDECLARED_SELECTOR = YES;
				GCC_WARN_UNINITIALIZED_AUTOS = YES_AGGRESSIVE;
				GCC_WARN_UNUSED_FUNCTION = YES;
				GCC_WARN_UNUSED_VARIABLE = YES;
				IPHONEOS_DEPLOYMENT_TARGET = 10.3;
				MTL_ENABLE_DEBUG_INFO = NO;
				SDKROOT = iphoneos;
				SWIFT_OPTIMIZATION_LEVEL = "-Owholemodule";
				TARGETED_DEVICE_FAMILY = "1,2";
				VALIDATE_PRODUCT = YES;
			};
			name = Release;
		};
		5A03B4691E95578200EF44B3 /* Debug */ = {
			isa = XCBuildConfiguration;
			buildSettings = {
				ASSETCATALOG_COMPILER_APPICON_NAME = AppIcon;
				DEVELOPMENT_TEAM = 34XFF24U9M;
				INFOPLIST_FILE = Acronym_DanSelig/Info.plist;
				LD_RUNPATH_SEARCH_PATHS = "$(inherited) @executable_path/Frameworks";
				PRODUCT_BUNDLE_IDENTIFIER = "Mardan-GeoSpatial.Acronym-DanSelig";
				PRODUCT_NAME = "$(TARGET_NAME)";
				SWIFT_VERSION = 3.0;
			};
			name = Debug;
		};
		5A03B46A1E95578200EF44B3 /* Release */ = {
			isa = XCBuildConfiguration;
			buildSettings = {
				ASSETCATALOG_COMPILER_APPICON_NAME = AppIcon;
				DEVELOPMENT_TEAM = 34XFF24U9M;
				INFOPLIST_FILE = Acronym_DanSelig/Info.plist;
				LD_RUNPATH_SEARCH_PATHS = "$(inherited) @executable_path/Frameworks";
				PRODUCT_BUNDLE_IDENTIFIER = "Mardan-GeoSpatial.Acronym-DanSelig";
				PRODUCT_NAME = "$(TARGET_NAME)";
				SWIFT_VERSION = 3.0;
			};
			name = Release;
		};
/* End XCBuildConfiguration section */

/* Begin XCConfigurationList section */
		5A03B4511E95578200EF44B3 /* Build configuration list for PBXProject "Acronym_DanSelig" */ = {
			isa = XCConfigurationList;
			buildConfigurations = (
				5A03B4661E95578200EF44B3 /* Debug */,
				5A03B4671E95578200EF44B3 /* Release */,
			);
			defaultConfigurationIsVisible = 0;
			defaultConfigurationName = Release;
		};
		5A03B4681E95578200EF44B3 /* Build configuration list for PBXNativeTarget "Acronym_DanSelig" */ = {
			isa = XCConfigurationList;
			buildConfigurations = (
				5A03B4691E95578200EF44B3 /* Debug */,
				5A03B46A1E95578200EF44B3 /* Release */,
			);
			defaultConfigurationIsVisible = 0;
		};
/* End XCConfigurationList section */
	};
	rootObject = 5A03B44E1E95578200EF44B3 /* Project object */;
}
